
Microsoft Visual Studio Solution File, Format Version 12.00
Project("{F2A71F9B-5D33-465A-A702-920D77279786}") = "Pulumi.FSharp.Myriad", "Pulumi.FSharp.Myriad\Pulumi.FSharp.Myriad.fsproj", "{EDDFE9E5-9B82-4ECF-AB23-86F3347D77EC}"
EndProject
Project("{F2A71F9B-5D33-465A-A702-920D77279786}") = "Pulumi.FSharp.Azure", "Pulumi.FSharp.Azure\Pulumi.FSharp.Azure.fsproj", "{0CDB4B8E-343B-45A5-A1C6-951470C965F9}"
EndProject
Global
	GlobalSection(SolutionConfigurationPlatforms) = preSolution
		Debug|Any CPU = Debug|Any CPU
		Release|Any CPU = Release|Any CPU
	EndGlobalSection
	GlobalSection(ProjectConfigurationPlatforms) = postSolution
		{EDDFE9E5-9B82-4ECF-AB23-86F3347D77EC}.Debug|Any CPU.ActiveCfg = Debug|Any CPU
		{EDDFE9E5-9B82-4ECF-AB23-86F3347D77EC}.Debug|Any CPU.Build.0 = Debug|Any CPU
		{EDDFE9E5-9B82-4ECF-AB23-86F3347D77EC}.Release|Any CPU.ActiveCfg = Release|Any CPU
		{EDDFE9E5-9B82-4ECF-AB23-86F3347D77EC}.Release|Any CPU.Build.0 = Release|Any CPU
		{0CDB4B8E-343B-45A5-A1C6-951470C965F9}.Debug|Any CPU.ActiveCfg = Debug|Any CPU
		{0CDB4B8E-343B-45A5-A1C6-951470C965F9}.Debug|Any CPU.Build.0 = Debug|Any CPU
		{0CDB4B8E-343B-45A5-A1C6-951470C965F9}.Release|Any CPU.ActiveCfg = Release|Any CPU
		{0CDB4B8E-343B-45A5-A1C6-951470C965F9}.Release|Any CPU.Build.0 = Release|Any CPU
	EndGlobalSection
EndGlobal
