
Microsoft Visual Studio Solution File, Format Version 12.00
# Visual Studio Version 17
VisualStudioVersion = 17.0.31903.59
MinimumVisualStudioVersion = 10.0.40219.1
Project("{2150E333-8FDC-42A3-9474-1A3956D46DE8}") = "src", "src", "{28C09E13-D45B-40D2-AAB0-F7D3A69417D8}"
EndProject
Project("{F2A71F9B-5D33-465A-A702-920D77279786}") = "Pulumi.FSharp.Core", "src\Pulumi.FSharp.Core\Pulumi.FSharp.Core.fsproj", "{7A74E40C-7A88-4683-807B-26FE69C00C9E}"
EndProject
Project("{F2A71F9B-5D33-465A-A702-920D77279786}") = "Pulumi.FSharp.Myriad", "src\Pulumi.FSharp.Myriad\Pulumi.FSharp.Myriad.fsproj", "{39E6A928-3D66-4D1D-9F12-5CAE5C47D82B}"
EndProject
Project("{2150E333-8FDC-42A3-9474-1A3956D46DE8}") = "providers", "providers", "{6A29027D-A6AF-406A-B0E5-FBBBD9962BFC}"
EndProject
Project("{F2A71F9B-5D33-465A-A702-920D77279786}") = "Pulumi.FSharp.Auth0", "providers\Pulumi.FSharp.Auth0\Pulumi.FSharp.Auth0.fsproj", "{23F69D6B-8674-49A3-A872-70F06F8A982C}"
EndProject
Project("{F2A71F9B-5D33-465A-A702-920D77279786}") = "Pulumi.FSharp.Aws", "providers\Pulumi.FSharp.Aws\Pulumi.FSharp.Aws.fsproj", "{6EA504F0-BCD6-4A6A-9897-651BFC4B06E3}"
EndProject
Project("{F2A71F9B-5D33-465A-A702-920D77279786}") = "Pulumi.FSharp.Azure", "providers\Pulumi.FSharp.Azure\Pulumi.FSharp.Azure.fsproj", "{8AAE2E3E-CCE6-440F-83B2-085394C65760}"
EndProject
Project("{F2A71F9B-5D33-465A-A702-920D77279786}") = "Pulumi.FSharp.AzureAD", "providers\Pulumi.FSharp.AzureAD\Pulumi.FSharp.AzureAD.fsproj", "{144FE576-0844-42EB-956F-812AF5EC9AE1}"
EndProject
Project("{F2A71F9B-5D33-465A-A702-920D77279786}") = "Pulumi.FSharp.AzureNative", "providers\Pulumi.FSharp.AzureNative\Pulumi.FSharp.AzureNative.fsproj", "{787A81CE-6A67-4882-AB27-D29932659EE4}"
EndProject
Project("{F2A71F9B-5D33-465A-A702-920D77279786}") = "Pulumi.FSharp.AzureNativeV2", "providers\Pulumi.FSharp.AzureNativeV2\Pulumi.FSharp.AzureNativeV2.fsproj", "{0DC17401-17FD-454D-8074-3CDDBB092C0C}"
EndProject
Project("{F2A71F9B-5D33-465A-A702-920D77279786}") = "Pulumi.FSharp.Command", "providers\Pulumi.FSharp.Command\Pulumi.FSharp.Command.fsproj", "{29DE140F-E25F-4B7F-B531-04D461EAE9F1}"
EndProject
Project("{F2A71F9B-5D33-465A-A702-920D77279786}") = "Pulumi.FSharp.DigitalOcean", "providers\Pulumi.FSharp.DigitalOcean\Pulumi.FSharp.DigitalOcean.fsproj", "{07F2BD4B-55DD-4460-8068-D397A40363B2}"
EndProject
Project("{F2A71F9B-5D33-465A-A702-920D77279786}") = "Pulumi.FSharp.Docker", "providers\Pulumi.FSharp.Docker\Pulumi.FSharp.Docker.fsproj", "{F982AD8D-18DA-48BA-8AB1-B62537D93EC9}"
EndProject
Project("{F2A71F9B-5D33-465A-A702-920D77279786}") = "Pulumi.FSharp.Gcp", "providers\Pulumi.FSharp.Gcp\Pulumi.FSharp.Gcp.fsproj", "{170F0B9B-106A-4F3F-8CA9-1533990D2FF4}"
EndProject
Project("{F2A71F9B-5D33-465A-A702-920D77279786}") = "Pulumi.FSharp.Kubernetes", "providers\Pulumi.FSharp.Kubernetes\Pulumi.FSharp.Kubernetes.fsproj", "{821526F5-26CA-4E8D-A4C6-7D77F317AAB3}"
EndProject
Project("{F2A71F9B-5D33-465A-A702-920D77279786}") = "Pulumi.FSharp.Random", "providers\Pulumi.FSharp.Random\Pulumi.FSharp.Random.fsproj", "{DF4FE3E4-1EA2-4A82-96EA-7CD0036B77F2}"
EndProject
Project("{F2A71F9B-5D33-465A-A702-920D77279786}") = "Pulumi.FSharp.Tls", "providers\Pulumi.FSharp.Tls\Pulumi.FSharp.Tls.fsproj", "{6CE90EBD-D118-4707-BB8C-B3E96F2A7992}"
EndProject
Project("{F2A71F9B-5D33-465A-A702-920D77279786}") = "build", "build\build.fsproj", "{F001F2EE-9ED0-4FE0-87F6-0365F1CA887E}"
EndProject
Global
	GlobalSection(SolutionConfigurationPlatforms) = preSolution
		Debug|Any CPU = Debug|Any CPU
		Release|Any CPU = Release|Any CPU
	EndGlobalSection
	GlobalSection(SolutionProperties) = preSolution
		HideSolutionNode = FALSE
	EndGlobalSection
	GlobalSection(ProjectConfigurationPlatforms) = postSolution
		{7A74E40C-7A88-4683-807B-26FE69C00C9E}.Debug|Any CPU.ActiveCfg = Debug|Any CPU
		{7A74E40C-7A88-4683-807B-26FE69C00C9E}.Debug|Any CPU.Build.0 = Debug|Any CPU
		{7A74E40C-7A88-4683-807B-26FE69C00C9E}.Release|Any CPU.ActiveCfg = Release|Any CPU
		{7A74E40C-7A88-4683-807B-26FE69C00C9E}.Release|Any CPU.Build.0 = Release|Any CPU
		{39E6A928-3D66-4D1D-9F12-5CAE5C47D82B}.Debug|Any CPU.ActiveCfg = Debug|Any CPU
		{39E6A928-3D66-4D1D-9F12-5CAE5C47D82B}.Debug|Any CPU.Build.0 = Debug|Any CPU
		{39E6A928-3D66-4D1D-9F12-5CAE5C47D82B}.Release|Any CPU.ActiveCfg = Release|Any CPU
		{39E6A928-3D66-4D1D-9F12-5CAE5C47D82B}.Release|Any CPU.Build.0 = Release|Any CPU
		{23F69D6B-8674-49A3-A872-70F06F8A982C}.Debug|Any CPU.ActiveCfg = Debug|Any CPU
		{23F69D6B-8674-49A3-A872-70F06F8A982C}.Debug|Any CPU.Build.0 = Debug|Any CPU
		{23F69D6B-8674-49A3-A872-70F06F8A982C}.Release|Any CPU.ActiveCfg = Release|Any CPU
		{23F69D6B-8674-49A3-A872-70F06F8A982C}.Release|Any CPU.Build.0 = Release|Any CPU
		{6EA504F0-BCD6-4A6A-9897-651BFC4B06E3}.Debug|Any CPU.ActiveCfg = Debug|Any CPU
		{6EA504F0-BCD6-4A6A-9897-651BFC4B06E3}.Debug|Any CPU.Build.0 = Debug|Any CPU
		{6EA504F0-BCD6-4A6A-9897-651BFC4B06E3}.Release|Any CPU.ActiveCfg = Release|Any CPU
		{6EA504F0-BCD6-4A6A-9897-651BFC4B06E3}.Release|Any CPU.Build.0 = Release|Any CPU
		{8AAE2E3E-CCE6-440F-83B2-085394C65760}.Debug|Any CPU.ActiveCfg = Debug|Any CPU
		{8AAE2E3E-CCE6-440F-83B2-085394C65760}.Debug|Any CPU.Build.0 = Debug|Any CPU
		{8AAE2E3E-CCE6-440F-83B2-085394C65760}.Release|Any CPU.ActiveCfg = Release|Any CPU
		{8AAE2E3E-CCE6-440F-83B2-085394C65760}.Release|Any CPU.Build.0 = Release|Any CPU
		{144FE576-0844-42EB-956F-812AF5EC9AE1}.Debug|Any CPU.ActiveCfg = Debug|Any CPU
		{144FE576-0844-42EB-956F-812AF5EC9AE1}.Debug|Any CPU.Build.0 = Debug|Any CPU
		{144FE576-0844-42EB-956F-812AF5EC9AE1}.Release|Any CPU.ActiveCfg = Release|Any CPU
		{144FE576-0844-42EB-956F-812AF5EC9AE1}.Release|Any CPU.Build.0 = Release|Any CPU
		{787A81CE-6A67-4882-AB27-D29932659EE4}.Debug|Any CPU.ActiveCfg = Debug|Any CPU
		{787A81CE-6A67-4882-AB27-D29932659EE4}.Debug|Any CPU.Build.0 = Debug|Any CPU
		{787A81CE-6A67-4882-AB27-D29932659EE4}.Release|Any CPU.ActiveCfg = Release|Any CPU
		{787A81CE-6A67-4882-AB27-D29932659EE4}.Release|Any CPU.Build.0 = Release|Any CPU
		{0DC17401-17FD-454D-8074-3CDDBB092C0C}.Debug|Any CPU.ActiveCfg = Debug|Any CPU
		{0DC17401-17FD-454D-8074-3CDDBB092C0C}.Debug|Any CPU.Build.0 = Debug|Any CPU
		{0DC17401-17FD-454D-8074-3CDDBB092C0C}.Release|Any CPU.ActiveCfg = Release|Any CPU
		{0DC17401-17FD-454D-8074-3CDDBB092C0C}.Release|Any CPU.Build.0 = Release|Any CPU
		{29DE140F-E25F-4B7F-B531-04D461EAE9F1}.Debug|Any CPU.ActiveCfg = Debug|Any CPU
		{29DE140F-E25F-4B7F-B531-04D461EAE9F1}.Debug|Any CPU.Build.0 = Debug|Any CPU
		{29DE140F-E25F-4B7F-B531-04D461EAE9F1}.Release|Any CPU.ActiveCfg = Release|Any CPU
		{29DE140F-E25F-4B7F-B531-04D461EAE9F1}.Release|Any CPU.Build.0 = Release|Any CPU
		{07F2BD4B-55DD-4460-8068-D397A40363B2}.Debug|Any CPU.ActiveCfg = Debug|Any CPU
		{07F2BD4B-55DD-4460-8068-D397A40363B2}.Debug|Any CPU.Build.0 = Debug|Any CPU
		{07F2BD4B-55DD-4460-8068-D397A40363B2}.Release|Any CPU.ActiveCfg = Release|Any CPU
		{07F2BD4B-55DD-4460-8068-D397A40363B2}.Release|Any CPU.Build.0 = Release|Any CPU
		{F982AD8D-18DA-48BA-8AB1-B62537D93EC9}.Debug|Any CPU.ActiveCfg = Debug|Any CPU
		{F982AD8D-18DA-48BA-8AB1-B62537D93EC9}.Debug|Any CPU.Build.0 = Debug|Any CPU
		{F982AD8D-18DA-48BA-8AB1-B62537D93EC9}.Release|Any CPU.ActiveCfg = Release|Any CPU
		{F982AD8D-18DA-48BA-8AB1-B62537D93EC9}.Release|Any CPU.Build.0 = Release|Any CPU
		{170F0B9B-106A-4F3F-8CA9-1533990D2FF4}.Debug|Any CPU.ActiveCfg = Debug|Any CPU
		{170F0B9B-106A-4F3F-8CA9-1533990D2FF4}.Debug|Any CPU.Build.0 = Debug|Any CPU
		{170F0B9B-106A-4F3F-8CA9-1533990D2FF4}.Release|Any CPU.ActiveCfg = Release|Any CPU
		{170F0B9B-106A-4F3F-8CA9-1533990D2FF4}.Release|Any CPU.Build.0 = Release|Any CPU
		{821526F5-26CA-4E8D-A4C6-7D77F317AAB3}.Debug|Any CPU.ActiveCfg = Debug|Any CPU
		{821526F5-26CA-4E8D-A4C6-7D77F317AAB3}.Debug|Any CPU.Build.0 = Debug|Any CPU
		{821526F5-26CA-4E8D-A4C6-7D77F317AAB3}.Release|Any CPU.ActiveCfg = Release|Any CPU
		{821526F5-26CA-4E8D-A4C6-7D77F317AAB3}.Release|Any CPU.Build.0 = Release|Any CPU
		{DF4FE3E4-1EA2-4A82-96EA-7CD0036B77F2}.Debug|Any CPU.ActiveCfg = Debug|Any CPU
		{DF4FE3E4-1EA2-4A82-96EA-7CD0036B77F2}.Debug|Any CPU.Build.0 = Debug|Any CPU
		{DF4FE3E4-1EA2-4A82-96EA-7CD0036B77F2}.Release|Any CPU.ActiveCfg = Release|Any CPU
		{DF4FE3E4-1EA2-4A82-96EA-7CD0036B77F2}.Release|Any CPU.Build.0 = Release|Any CPU
		{6CE90EBD-D118-4707-BB8C-B3E96F2A7992}.Debug|Any CPU.ActiveCfg = Debug|Any CPU
		{6CE90EBD-D118-4707-BB8C-B3E96F2A7992}.Debug|Any CPU.Build.0 = Debug|Any CPU
		{6CE90EBD-D118-4707-BB8C-B3E96F2A7992}.Release|Any CPU.ActiveCfg = Release|Any CPU
		{6CE90EBD-D118-4707-BB8C-B3E96F2A7992}.Release|Any CPU.Build.0 = Release|Any CPU
		{F001F2EE-9ED0-4FE0-87F6-0365F1CA887E}.Debug|Any CPU.ActiveCfg = Debug|Any CPU
		{F001F2EE-9ED0-4FE0-87F6-0365F1CA887E}.Debug|Any CPU.Build.0 = Debug|Any CPU
		{F001F2EE-9ED0-4FE0-87F6-0365F1CA887E}.Release|Any CPU.ActiveCfg = Release|Any CPU
		{F001F2EE-9ED0-4FE0-87F6-0365F1CA887E}.Release|Any CPU.Build.0 = Release|Any CPU
	EndGlobalSection
	GlobalSection(NestedProjects) = preSolution
		{7A74E40C-7A88-4683-807B-26FE69C00C9E} = {28C09E13-D45B-40D2-AAB0-F7D3A69417D8}
		{39E6A928-3D66-4D1D-9F12-5CAE5C47D82B} = {28C09E13-D45B-40D2-AAB0-F7D3A69417D8}
		{23F69D6B-8674-49A3-A872-70F06F8A982C} = {6A29027D-A6AF-406A-B0E5-FBBBD9962BFC}
		{6EA504F0-BCD6-4A6A-9897-651BFC4B06E3} = {6A29027D-A6AF-406A-B0E5-FBBBD9962BFC}
		{8AAE2E3E-CCE6-440F-83B2-085394C65760} = {6A29027D-A6AF-406A-B0E5-FBBBD9962BFC}
		{144FE576-0844-42EB-956F-812AF5EC9AE1} = {6A29027D-A6AF-406A-B0E5-FBBBD9962BFC}
		{787A81CE-6A67-4882-AB27-D29932659EE4} = {6A29027D-A6AF-406A-B0E5-FBBBD9962BFC}
		{0DC17401-17FD-454D-8074-3CDDBB092C0C} = {6A29027D-A6AF-406A-B0E5-FBBBD9962BFC}
		{29DE140F-E25F-4B7F-B531-04D461EAE9F1} = {6A29027D-A6AF-406A-B0E5-FBBBD9962BFC}
		{07F2BD4B-55DD-4460-8068-D397A40363B2} = {6A29027D-A6AF-406A-B0E5-FBBBD9962BFC}
		{F982AD8D-18DA-48BA-8AB1-B62537D93EC9} = {6A29027D-A6AF-406A-B0E5-FBBBD9962BFC}
		{170F0B9B-106A-4F3F-8CA9-1533990D2FF4} = {6A29027D-A6AF-406A-B0E5-FBBBD9962BFC}
		{821526F5-26CA-4E8D-A4C6-7D77F317AAB3} = {6A29027D-A6AF-406A-B0E5-FBBBD9962BFC}
		{DF4FE3E4-1EA2-4A82-96EA-7CD0036B77F2} = {6A29027D-A6AF-406A-B0E5-FBBBD9962BFC}
		{6CE90EBD-D118-4707-BB8C-B3E96F2A7992} = {6A29027D-A6AF-406A-B0E5-FBBBD9962BFC}
	EndGlobalSection
EndGlobal
